{
    "_readme": [
        "This file locks the dependencies of your project to a known state",
        "Read more about it at https://getcomposer.org/doc/01-basic-usage.md#installing-dependencies",
        "This file is @generated automatically"
    ],
    "content-hash": "a5ee3dd3e8766146b19a0597808b9ed1",
    "packages": [
        {
            "name": "kornrunner/blurhash",
            "version": "v1.2.2",
            "source": {
                "type": "git",
                "url": "https://github.com/kornrunner/php-blurhash.git",
                "reference": "bc8a4596cb0a49874f0158696a382ab3933fefe4"
            },
            "dist": {
                "type": "zip",
                "url": "https://api.github.com/repos/kornrunner/php-blurhash/zipball/bc8a4596cb0a49874f0158696a382ab3933fefe4",
                "reference": "bc8a4596cb0a49874f0158696a382ab3933fefe4",
                "shasum": ""
            },
            "require": {
                "php": "^7.3|^8.0"
            },
            "require-dev": {
                "ext-gd": "*",
                "ocramius/package-versions": "^1.4|^2.0",
                "phpstan/phpstan": "^0.12",
                "phpunit/phpunit": "^9",
                "vimeo/psalm": "^4.3"
            },
            "type": "library",
            "autoload": {
                "psr-4": {
                    "kornrunner\\Blurhash\\": "src"
                }
            },
            "notification-url": "https://packagist.org/downloads/",
            "license": [
                "MIT"
            ],
            "authors": [
                {
                    "name": "Boris Momčilović",
                    "email": "boris.momcilovic@gmail.com"
                }
            ],
            "description": "Pure PHP implementation of Blurhash",
            "homepage": "https://github.com/kornrunner/php-blurhash",
            "support": {
                "issues": "https://github.com/kornrunner/php-blurhash/issues",
                "source": "https://github.com/kornrunner/php-blurhash.git"
            },
            "time": "2022-07-13T19:38:39+00:00"
        }
    ],
    "packages-dev": [],
    "aliases": [],
    "minimum-stability": "stable",
    "stability-flags": [],
    "prefer-stable": false,
    "prefer-lowest": false,
    "platform": {
        "php": "^8.0.0",
        "ext-json": "*",
        "ext-openssl": "*",
        "ext-curl": "*",
        "ext-gd": "*"
    },
    "platform-dev": [],
    "platform-overrides": {
        "php": "8.0.0"
    },
    "plugin-api-version": "2.3.0"
}
